{
  "requires": true,
  "lockfileVersion": 1,
  "dependencies": {
    "angularx-social-login": {
      "version": "3.2.1",
      "resolved": "https://registry.npmjs.org/angularx-social-login/-/angularx-social-login-3.2.1.tgz",
      "integrity": "sha512-im6AFOKLdO7zFgKVL6Q6Slcn0s6QqaLmlLjhCXGWKe3XzW00INQbwFyDT+IxBzGRaM4jvqAlWDyDZAW1sjk7Qg==",
      "requires": {
        "tslib": "^2.0.0"
      }
    },
    "tslib": {
      "version": "2.0.1",
      "resolved": "https://registry.npmjs.org/tslib/-/tslib-2.0.1.tgz",
      "integrity": "sha512-SgIkNheinmEBgx1IUNirK0TUD4X9yjjBRTqqjggWCU3pUEqIk3/Uwl3yRixYKT6WjQuGiwDv4NomL3wqRCj+CQ=="
    }
  }
}
